// !$*UTF8*$!
{
	archiveVersion = 1;
	classes = {
	};
	objectVersion = 50;
	objects = {

/* Begin PBXBuildFile section */
		675C05ED24C1309F00BE3078 /* User.swift in Sources */ = {isa = PBXBuildFile; fileRef = 675C05EC24C1309F00BE3078 /* User.swift */; };
		675C05F024C131CD00BE3078 /* Post.swift in Sources */ = {isa = PBXBuildFile; fileRef = 675C05EF24C131CD00BE3078 /* Post.swift */; };
		675C05F224C131F200BE3078 /* InstaService.swift in Sources */ = {isa = PBXBuildFile; fileRef = 675C05F124C131F200BE3078 /* InstaService.swift */; };
		675C05F424C1330500BE3078 /* Helper.swift in Sources */ = {isa = PBXBuildFile; fileRef = 675C05F324C1330500BE3078 /* Helper.swift */; };
		67AEA16724B7FADE002D9682 /* AppDelegate.swift in Sources */ = {isa = PBXBuildFile; fileRef = 67AEA16624B7FADE002D9682 /* AppDelegate.swift */; };
		67AEA16924B7FADE002D9682 /* SceneDelegate.swift in Sources */ = {isa = PBXBuildFile; fileRef = 67AEA16824B7FADE002D9682 /* SceneDelegate.swift */; };
		67AEA16B24B7FADE002D9682 /* HomepageViewController.swift in Sources */ = {isa = PBXBuildFile; fileRef = 67AEA16A24B7FADE002D9682 /* HomepageViewController.swift */; };
		67AEA16E24B7FADE002D9682 /* Main.storyboard in Resources */ = {isa = PBXBuildFile; fileRef = 67AEA16C24B7FADE002D9682 /* Main.storyboard */; };
		67AEA17024B7FAE1002D9682 /* Assets.xcassets in Resources */ = {isa = PBXBuildFile; fileRef = 67AEA16F24B7FAE1002D9682 /* Assets.xcassets */; };
		67AEA17324B7FAE1002D9682 /* LaunchScreen.storyboard in Resources */ = {isa = PBXBuildFile; fileRef = 67AEA17124B7FAE1002D9682 /* LaunchScreen.storyboard */; };
/* End PBXBuildFile section */

/* Begin PBXFileReference section */
		675C05EC24C1309F00BE3078 /* User.swift */ = {isa = PBXFileReference; lastKnownFileType = sourcecode.swift; path = User.swift; sourceTree = "<group>"; };
		675C05EF24C131CD00BE3078 /* Post.swift */ = {isa = PBXFileReference; lastKnownFileType = sourcecode.swift; path = Post.swift; sourceTree = "<group>"; };
		675C05F124C131F200BE3078 /* InstaService.swift */ = {isa = PBXFileReference; lastKnownFileType = sourcecode.swift; path = InstaService.swift; sourceTree = "<group>"; };
		675C05F324C1330500BE3078 /* Helper.swift */ = {isa = PBXFileReference; lastKnownFileType = sourcecode.swift; path = Helper.swift; sourceTree = "<group>"; };
		67AEA16324B7FADE002D9682 /* Insta Saving.app */ = {isa = PBXFileReference; explicitFileType = wrapper.application; includeInIndex = 0; path = "Insta Saving.app"; sourceTree = BUILT_PRODUCTS_DIR; };
		67AEA16624B7FADE002D9682 /* AppDelegate.swift */ = {isa = PBXFileReference; lastKnownFileType = sourcecode.swift; path = AppDelegate.swift; sourceTree = "<group>"; };
		67AEA16824B7FADE002D9682 /* SceneDelegate.swift */ = {isa = PBXFileReference; lastKnownFileType = sourcecode.swift; path = SceneDelegate.swift; sourceTree = "<group>"; };
		67AEA16A24B7FADE002D9682 /* HomepageViewController.swift */ = {isa = PBXFileReference; lastKnownFileType = sourcecode.swift; path = HomepageViewController.swift; sourceTree = "<group>"; };
		67AEA16D24B7FADE002D9682 /* Base */ = {isa = PBXFileReference; lastKnownFileType = file.storyboard; name = Base; path = Base.lproj/Main.storyboard; sourceTree = "<group>"; };
		67AEA16F24B7FAE1002D9682 /* Assets.xcassets */ = {isa = PBXFileReference; lastKnownFileType = folder.assetcatalog; path = Assets.xcassets; sourceTree = "<group>"; };
		67AEA17224B7FAE1002D9682 /* Base */ = {isa = PBXFileReference; lastKnownFileType = file.storyboard; name = Base; path = Base.lproj/LaunchScreen.storyboard; sourceTree = "<group>"; };
		67AEA17424B7FAE1002D9682 /* Info.plist */ = {isa = PBXFileReference; lastKnownFileType = text.plist.xml; path = Info.plist; sourceTree = "<group>"; };
/* End PBXFileReference section */

/* Begin PBXFrameworksBuildPhase section */
		67AEA16024B7FADE002D9682 /* Frameworks */ = {
			isa = PBXFrameworksBuildPhase;
			buildActionMask = 2147483647;
			files = (
			);
			runOnlyForDeploymentPostprocessing = 0;
		};
/* End PBXFrameworksBuildPhase section */

/* Begin PBXGroup section */
		675C05EE24C130A600BE3078 /* Model */ = {
			isa = PBXGroup;
			children = (
				675C05EC24C1309F00BE3078 /* User.swift */,
				675C05EF24C131CD00BE3078 /* Post.swift */,
				675C05F124C131F200BE3078 /* InstaService.swift */,
			);
			path = Model;
			sourceTree = "<group>";
		};
		675C05F524C1331500BE3078 /* Helpers */ = {
			isa = PBXGroup;
			children = (
				675C05F324C1330500BE3078 /* Helper.swift */,
			);
			path = Helpers;
			sourceTree = "<group>";
		};
		675C05F624C1348000BE3078 /* Controller */ = {
			isa = PBXGroup;
			children = (
				67AEA16A24B7FADE002D9682 /* HomepageViewController.swift */,
			);
			path = Controller;
			sourceTree = "<group>";
		};
		67AEA15A24B7FADE002D9682 = {
			isa = PBXGroup;
			children = (
				67AEA16524B7FADE002D9682 /* InstaSave */,
				67AEA16424B7FADE002D9682 /* Products */,
			);
			sourceTree = "<group>";
		};
		67AEA16424B7FADE002D9682 /* Products */ = {
			isa = PBXGroup;
			children = (
				67AEA16324B7FADE002D9682 /* Insta Saving.app */,
			);
			name = Products;
			sourceTree = "<group>";
		};
		67AEA16524B7FADE002D9682 /* InstaSave */ = {
			isa = PBXGroup;
			children = (
				67AEA16624B7FADE002D9682 /* AppDelegate.swift */,
				67AEA16824B7FADE002D9682 /* SceneDelegate.swift */,
				675C05EE24C130A600BE3078 /* Model */,
				675C05F624C1348000BE3078 /* Controller */,
				67AEA16C24B7FADE002D9682 /* Main.storyboard */,
				67AEA16F24B7FAE1002D9682 /* Assets.xcassets */,
				67AEA17124B7FAE1002D9682 /* LaunchScreen.storyboard */,
				67AEA17424B7FAE1002D9682 /* Info.plist */,
				675C05F524C1331500BE3078 /* Helpers */,
			);
			path = InstaSave;
			sourceTree = "<group>";
		};
/* End PBXGroup section */

/* Begin PBXNativeTarget section */
		67AEA16224B7FADE002D9682 /* InstaSave */ = {
			isa = PBXNativeTarget;
			buildConfigurationList = 67AEA17724B7FAE1002D9682 /* Build configuration list for PBXNativeTarget "InstaSave" */;
			buildPhases = (
				67AEA15F24B7FADE002D9682 /* Sources */,
				67AEA16024B7FADE002D9682 /* Frameworks */,
				67AEA16124B7FADE002D9682 /* Resources */,
			);
			buildRules = (
			);
			dependencies = (
			);
			name = InstaSave;
			productName = InstaSave;
			productReference = 67AEA16324B7FADE002D9682 /* Insta Saving.app */;
			productType = "com.apple.product-type.application";
		};
/* End PBXNativeTarget section */

/* Begin PBXProject section */
		67AEA15B24B7FADE002D9682 /* Project object */ = {
			isa = PBXProject;
			attributes = {
				LastSwiftUpdateCheck = 1140;
				LastUpgradeCheck = 1140;
				ORGANIZATIONNAME = "Anh Dinh";
				TargetAttributes = {
					67AEA16224B7FADE002D9682 = {
						CreatedOnToolsVersion = 11.4;
					};
				};
			};
			buildConfigurationList = 67AEA15E24B7FADE002D9682 /* Build configuration list for PBXProject "InstaSave" */;
			compatibilityVersion = "Xcode 9.3";
			developmentRegion = en;
			hasScannedForEncodings = 0;
			knownRegions = (
				en,
				Base,
			);
			mainGroup = 67AEA15A24B7FADE002D9682;
			productRefGroup = 67AEA16424B7FADE002D9682 /* Products */;
			projectDirPath = "";
			projectRoot = "";
			targets = (
				67AEA16224B7FADE002D9682 /* InstaSave */,
			);
		};
/* End PBXProject section */

/* Begin PBXResourcesBuildPhase section */
		67AEA16124B7FADE002D9682 /* Resources */ = {
			isa = PBXResourcesBuildPhase;
			buildActionMask = 2147483647;
			files = (
				67AEA17324B7FAE1002D9682 /* LaunchScreen.storyboard in Resources */,
				67AEA17024B7FAE1002D9682 /* Assets.xcassets in Resources */,
				67AEA16E24B7FADE002D9682 /* Main.storyboard in Resources */,
			);
			runOnlyForDeploymentPostprocessing = 0;
		};
/* End PBXResourcesBuildPhase section */

/* Begin PBXSourcesBuildPhase section */
		67AEA15F24B7FADE002D9682 /* Sources */ = {
			isa = PBXSourcesBuildPhase;
			buildActionMask = 2147483647;
			files = (
				675C05F424C1330500BE3078 /* Helper.swift in Sources */,
				675C05ED24C1309F00BE3078 /* User.swift in Sources */,
				67AEA16B24B7FADE002D9682 /* HomepageViewController.swift in Sources */,
				67AEA16724B7FADE002D9682 /* AppDelegate.swift in Sources */,
				675C05F224C131F200BE3078 /* InstaService.swift in Sources */,
				67AEA16924B7FADE002D9682 /* SceneDelegate.swift in Sources */,
				675C05F024C131CD00BE3078 /* Post.swift in Sources */,
			);
			runOnlyForDeploymentPostprocessing = 0;
		};
/* End PBXSourcesBuildPhase section */

/* Begin PBXVariantGroup section */
		67AEA16C24B7FADE002D9682 /* Main.storyboard */ = {
			isa = PBXVariantGroup;
			children = (
				67AEA16D24B7FADE002D9682 /* Base */,
			);
			name = Main.storyboard;
			sourceTree = "<group>";
		};
		67AEA17124B7FAE1002D9682 /* LaunchScreen.storyboard */ = {
			isa = PBXVariantGroup;
			children = (
				67AEA17224B7FAE1002D9682 /* Base */,
			);
			name = LaunchScreen.storyboard;
			sourceTree = "<group>";
		};
/* End PBXVariantGroup section */

/* Begin XCBuildConfiguration section */
		67AEA17524B7FAE1002D9682 /* Debug */ = {
			isa = XCBuildConfiguration;
			buildSettings = {
				ALWAYS_SEARCH_USER_PATHS = NO;
				CLANG_ANALYZER_NONNULL = YES;
				CLANG_ANALYZER_NUMBER_OBJECT_CONVERSION = YES_AGGRESSIVE;
				CLANG_CXX_LANGUAGE_STANDARD = "gnu++14";
				CLANG_CXX_LIBRARY = "libc++";
				CLANG_ENABLE_MODULES = YES;
				CLANG_ENABLE_OBJC_ARC = YES;
				CLANG_ENABLE_OBJC_WEAK = YES;
				CLANG_WARN_BLOCK_CAPTURE_AUTORELEASING = YES;
				CLANG_WARN_BOOL_CONVERSION = YES;
				CLANG_WARN_COMMA = YES;
				CLANG_WARN_CONSTANT_CONVERSION = YES;
				CLANG_WARN_DEPRECATED_OBJC_IMPLEMENTATIONS = YES;
				CLANG_WARN_DIRECT_OBJC_ISA_USAGE = YES_ERROR;
				CLANG_WARN_DOCUMENTATION_COMMENTS = YES;
				CLANG_WARN_EMPTY_BODY = YES;
				CLANG_WARN_ENUM_CONVERSION = YES;
				CLANG_WARN_INFINITE_RECURSION = YES;
				CLANG_WARN_INT_CONVERSION = YES;
				CLANG_WARN_NON_LITERAL_NULL_CONVERSION = YES;
				CLANG_WARN_OBJC_IMPLICIT_RETAIN_SELF = YES;
				CLANG_WARN_OBJC_LITERAL_CONVERSION = YES;
				CLANG_WARN_OBJC_ROOT_CLASS = YES_ERROR;
				CLANG_WARN_RANGE_LOOP_ANALYSIS = YES;
				CLANG_WARN_STRICT_PROTOTYPES = YES;
				CLANG_WARN_SUSPICIOUS_MOVE = YES;
				CLANG_WARN_UNGUARDED_AVAILABILITY = YES_AGGRESSIVE;
				CLANG_WARN_UNREACHABLE_CODE = YES;
				CLANG_WARN__DUPLICATE_METHOD_MATCH = YES;
				COPY_PHASE_STRIP = NO;
				DEBUG_INFORMATION_FORMAT = dwarf;
				ENABLE_STRICT_OBJC_MSGSEND = YES;
				ENABLE_TESTABILITY = YES;
				GCC_C_LANGUAGE_STANDARD = gnu11;
				GCC_DYNAMIC_NO_PIC = NO;
				GCC_NO_COMMON_BLOCKS = YES;
				GCC_OPTIMIZATION_LEVEL = 0;
				GCC_PREPROCESSOR_DEFINITIONS = (
					"DEBUG=1",
					"$(inherited)",
				);
				GCC_WARN_64_TO_32_BIT_CONVERSION = YES;
				GCC_WARN_ABOUT_RETURN_TYPE = YES_ERROR;
				GCC_WARN_UNDECLARED_SELECTOR = YES;
				GCC_WARN_UNINITIALIZED_AUTOS = YES_AGGRESSIVE;
				GCC_WARN_UNUSED_FUNCTION = YES;
				GCC_WARN_UNUSED_VARIABLE = YES;
				IPHONEOS_DEPLOYMENT_TARGET = 13.4;
				MTL_ENABLE_DEBUG_INFO = INCLUDE_SOURCE;
				MTL_FAST_MATH = YES;
				ONLY_ACTIVE_ARCH = YES;
				SDKROOT = iphoneos;
				SWIFT_ACTIVE_COMPILATION_CONDITIONS = DEBUG;
				SWIFT_OPTIMIZATION_LEVEL = "-Onone";
			};
			name = Debug;
		};
		67AEA17624B7FAE1002D9682 /* Release */ = {
			isa = XCBuildConfiguration;
			buildSettings = {
				ALWAYS_SEARCH_USER_PATHS = NO;
				CLANG_ANALYZER_NONNULL = YES;
				CLANG_ANALYZER_NUMBER_OBJECT_CONVERSION = YES_AGGRESSIVE;
				CLANG_CXX_LANGUAGE_STANDARD = "gnu++14";
				CLANG_CXX_LIBRARY = "libc++";
				CLANG_ENABLE_MODULES = YES;
				CLANG_ENABLE_OBJC_ARC = YES;
				CLANG_ENABLE_OBJC_WEAK = YES;
				CLANG_WARN_BLOCK_CAPTURE_AUTORELEASING = YES;
				CLANG_WARN_BOOL_CONVERSION = YES;
				CLANG_WARN_COMMA = YES;
				CLANG_WARN_CONSTANT_CONVERSION = YES;
				CLANG_WARN_DEPRECATED_OBJC_IMPLEMENTATIONS = YES;
				CLANG_WARN_DIRECT_OBJC_ISA_USAGE = YES_ERROR;
				CLANG_WARN_DOCUMENTATION_COMMENTS = YES;
				CLANG_WARN_EMPTY_BODY = YES;
				CLANG_WARN_ENUM_CONVERSION = YES;
				CLANG_WARN_INFINITE_RECURSION = YES;
				CLANG_WARN_INT_CONVERSION = YES;
				CLANG_WARN_NON_LITERAL_NULL_CONVERSION = YES;
				CLANG_WARN_OBJC_IMPLICIT_RETAIN_SELF = YES;
				CLANG_WARN_OBJC_LITERAL_CONVERSION = YES;
				CLANG_WARN_OBJC_ROOT_CLASS = YES_ERROR;
				CLANG_WARN_RANGE_LOOP_ANALYSIS = YES;
				CLANG_WARN_STRICT_PROTOTYPES = YES;
				CLANG_WARN_SUSPICIOUS_MOVE = YES;
				CLANG_WARN_UNGUARDED_AVAILABILITY = YES_AGGRESSIVE;
				CLANG_WARN_UNREACHABLE_CODE = YES;
				CLANG_WARN__DUPLICATE_METHOD_MATCH = YES;
				COPY_PHASE_STRIP = NO;
				DEBUG_INFORMATION_FORMAT = "dwarf-with-dsym";
				ENABLE_NS_ASSERTIONS = NO;
				ENABLE_STRICT_OBJC_MSGSEND = YES;
				GCC_C_LANGUAGE_STANDARD = gnu11;
				GCC_NO_COMMON_BLOCKS = YES;
				GCC_WARN_64_TO_32_BIT_CONVERSION = YES;
				GCC_WARN_ABOUT_RETURN_TYPE = YES_ERROR;
				GCC_WARN_UNDECLARED_SELECTOR = YES;
				GCC_WARN_UNINITIALIZED_AUTOS = YES_AGGRESSIVE;
				GCC_WARN_UNUSED_FUNCTION = YES;
				GCC_WARN_UNUSED_VARIABLE = YES;
				IPHONEOS_DEPLOYMENT_TARGET = 13.4;
				MTL_ENABLE_DEBUG_INFO = NO;
				MTL_FAST_MATH = YES;
				SDKROOT = iphoneos;
				SWIFT_COMPILATION_MODE = wholemodule;
				SWIFT_OPTIMIZATION_LEVEL = "-O";
				VALIDATE_PRODUCT = YES;
			};
			name = Release;
		};
		67AEA17824B7FAE1002D9682 /* Debug */ = {
			isa = XCBuildConfiguration;
			buildSettings = {
				ASSETCATALOG_COMPILER_APPICON_NAME = AppIcon;
				CODE_SIGN_STYLE = Automatic;
				DEVELOPMENT_TEAM = L6M78ZXF68;
				INFOPLIST_FILE = InstaSave/Info.plist;
				LD_RUNPATH_SEARCH_PATHS = (
					"$(inherited)",
					"@executable_path/Frameworks",
				);
				PRODUCT_BUNDLE_IDENTIFIER = com.anhdinh.InstaSave;
				PRODUCT_NAME = "Insta Saving";
				SWIFT_VERSION = 5.0;
				TARGETED_DEVICE_FAMILY = "1,2";
			};
			name = Debug;
		};
		67AEA17924B7FAE1002D9682 /* Release */ = {
			isa = XCBuildConfiguration;
			buildSettings = {
				ASSETCATALOG_COMPILER_APPICON_NAME = AppIcon;
				CODE_SIGN_STYLE = Automatic;
				DEVELOPMENT_TEAM = L6M78ZXF68;
				INFOPLIST_FILE = InstaSave/Info.plist;
				LD_RUNPATH_SEARCH_PATHS = (
					"$(inherited)",
					"@executable_path/Frameworks",
				);
				PRODUCT_BUNDLE_IDENTIFIER = com.anhdinh.InstaSave;
				PRODUCT_NAME = "Insta Saving";
				SWIFT_VERSION = 5.0;
				TARGETED_DEVICE_FAMILY = "1,2";
			};
			name = Release;
		};
/* End XCBuildConfiguration section */

/* Begin XCConfigurationList section */
		67AEA15E24B7FADE002D9682 /* Build configuration list for PBXProject "InstaSave" */ = {
			isa = XCConfigurationList;
			buildConfigurations = (
				67AEA17524B7FAE1002D9682 /* Debug */,
				67AEA17624B7FAE1002D9682 /* Release */,
			);
			defaultConfigurationIsVisible = 0;
			defaultConfigurationName = Release;
		};
		67AEA17724B7FAE1002D9682 /* Build configuration list for PBXNativeTarget "InstaSave" */ = {
			isa = XCConfigurationList;
			buildConfigurations = (
				67AEA17824B7FAE1002D9682 /* Debug */,
				67AEA17924B7FAE1002D9682 /* Release */,
			);
			defaultConfigurationIsVisible = 0;
			defaultConfigurationName = Release;
		};
/* End XCConfigurationList section */
	};
	rootObject = 67AEA15B24B7FADE002D9682 /* Project object */;
}
